<Solution>
  <Folder Name="/Solution Items/">
    <File Path=".github/workflow/tests.yml" />
  </Folder>
  <Project Path="EpamSeleniumTask.Business/EpamSeleniumTask.Business.csproj" />
  <Project Path="EpamSeleniumTask.Core/EpamSeleniumTask.Core.csproj" />
  <Project Path="EpamSeleniumTask.Tests/EpamSeleniumTask.Tests.csproj" />
</Solution>
